// !$*UTF8*$!
{
	archiveVersion = 1;
	classes = {
	};
	objectVersion = 48;
	objects = {

/* Begin PBXBuildFile section */
		02E4BA83200D1F22007B6D0C /* AppDelegate.swift in Sources */ = {isa = PBXBuildFile; fileRef = 02E4BA82200D1F22007B6D0C /* AppDelegate.swift */; };
		02E4BA85200D1F22007B6D0C /* ViewController.swift in Sources */ = {isa = PBXBuildFile; fileRef = 02E4BA84200D1F22007B6D0C /* ViewController.swift */; };
		02E4BA88200D1F22007B6D0C /* Main.storyboard in Resources */ = {isa = PBXBuildFile; fileRef = 02E4BA86200D1F22007B6D0C /* Main.storyboard */; };
		02E4BA8A200D1F22007B6D0C /* Assets.xcassets in Resources */ = {isa = PBXBuildFile; fileRef = 02E4BA89200D1F22007B6D0C /* Assets.xcassets */; };
		02E4BA8D200D1F22007B6D0C /* LaunchScreen.storyboard in Resources */ = {isa = PBXBuildFile; fileRef = 02E4BA8B200D1F22007B6D0C /* LaunchScreen.storyboard */; };
		02E4BA98200D1F22007B6D0C /* wakesterTests.swift in Sources */ = {isa = PBXBuildFile; fileRef = 02E4BA97200D1F22007B6D0C /* wakesterTests.swift */; };
		02E4BAA3200D1F22007B6D0C /* wakesterUITests.swift in Sources */ = {isa = PBXBuildFile; fileRef = 02E4BAA2200D1F22007B6D0C /* wakesterUITests.swift */; };
/* End PBXBuildFile section */

/* Begin PBXContainerItemProxy section */
		02E4BA94200D1F22007B6D0C /* PBXContainerItemProxy */ = {
			isa = PBXContainerItemProxy;
			containerPortal = 02E4BA77200D1F22007B6D0C /* Project object */;
			proxyType = 1;
			remoteGlobalIDString = 02E4BA7E200D1F22007B6D0C;
			remoteInfo = wakester;
		};
		02E4BA9F200D1F22007B6D0C /* PBXContainerItemProxy */ = {
			isa = PBXContainerItemProxy;
			containerPortal = 02E4BA77200D1F22007B6D0C /* Project object */;
			proxyType = 1;
			remoteGlobalIDString = 02E4BA7E200D1F22007B6D0C;
			remoteInfo = wakester;
		};
/* End PBXContainerItemProxy section */

/* Begin PBXFileReference section */
		02E4BA7F200D1F22007B6D0C /* wakester.app */ = {isa = PBXFileReference; explicitFileType = wrapper.application; includeInIndex = 0; path = wakester.app; sourceTree = BUILT_PRODUCTS_DIR; };
		02E4BA82200D1F22007B6D0C /* AppDelegate.swift */ = {isa = PBXFileReference; lastKnownFileType = sourcecode.swift; path = AppDelegate.swift; sourceTree = "<group>"; };
		02E4BA84200D1F22007B6D0C /* ViewController.swift */ = {isa = PBXFileReference; lastKnownFileType = sourcecode.swift; path = ViewController.swift; sourceTree = "<group>"; };
		02E4BA87200D1F22007B6D0C /* Base */ = {isa = PBXFileReference; lastKnownFileType = file.storyboard; name = Base; path = Base.lproj/Main.storyboard; sourceTree = "<group>"; };
		02E4BA89200D1F22007B6D0C /* Assets.xcassets */ = {isa = PBXFileReference; lastKnownFileType = folder.assetcatalog; path = Assets.xcassets; sourceTree = "<group>"; };
		02E4BA8C200D1F22007B6D0C /* Base */ = {isa = PBXFileReference; lastKnownFileType = file.storyboard; name = Base; path = Base.lproj/LaunchScreen.storyboard; sourceTree = "<group>"; };
		02E4BA8E200D1F22007B6D0C /* Info.plist */ = {isa = PBXFileReference; lastKnownFileType = text.plist.xml; path = Info.plist; sourceTree = "<group>"; };
		02E4BA93200D1F22007B6D0C /* wakesterTests.xctest */ = {isa = PBXFileReference; explicitFileType = wrapper.cfbundle; includeInIndex = 0; path = wakesterTests.xctest; sourceTree = BUILT_PRODUCTS_DIR; };
		02E4BA97200D1F22007B6D0C /* wakesterTests.swift */ = {isa = PBXFileReference; lastKnownFileType = sourcecode.swift; path = wakesterTests.swift; sourceTree = "<group>"; };
		02E4BA99200D1F22007B6D0C /* Info.plist */ = {isa = PBXFileReference; lastKnownFileType = text.plist.xml; path = Info.plist; sourceTree = "<group>"; };
		02E4BA9E200D1F22007B6D0C /* wakesterUITests.xctest */ = {isa = PBXFileReference; explicitFileType = wrapper.cfbundle; includeInIndex = 0; path = wakesterUITests.xctest; sourceTree = BUILT_PRODUCTS_DIR; };
		02E4BAA2200D1F22007B6D0C /* wakesterUITests.swift */ = {isa = PBXFileReference; lastKnownFileType = sourcecode.swift; path = wakesterUITests.swift; sourceTree = "<group>"; };
		02E4BAA4200D1F22007B6D0C /* Info.plist */ = {isa = PBXFileReference; lastKnownFileType = text.plist.xml; path = Info.plist; sourceTree = "<group>"; };
/* End PBXFileReference section */

/* Begin PBXFrameworksBuildPhase section */
		02E4BA7C200D1F22007B6D0C /* Frameworks */ = {
			isa = PBXFrameworksBuildPhase;
			buildActionMask = 2147483647;
			files = (
			);
			runOnlyForDeploymentPostprocessing = 0;
		};
		02E4BA90200D1F22007B6D0C /* Frameworks */ = {
			isa = PBXFrameworksBuildPhase;
			buildActionMask = 2147483647;
			files = (
			);
			runOnlyForDeploymentPostprocessing = 0;
		};
		02E4BA9B200D1F22007B6D0C /* Frameworks */ = {
			isa = PBXFrameworksBuildPhase;
			buildActionMask = 2147483647;
			files = (
			);
			runOnlyForDeploymentPostprocessing = 0;
		};
/* End PBXFrameworksBuildPhase section */

/* Begin PBXGroup section */
		02E4BA76200D1F22007B6D0C = {
			isa = PBXGroup;
			children = (
				02E4BA81200D1F22007B6D0C /* wakester */,
				02E4BA96200D1F22007B6D0C /* wakesterTests */,
				02E4BAA1200D1F22007B6D0C /* wakesterUITests */,
				02E4BA80200D1F22007B6D0C /* Products */,
			);
			sourceTree = "<group>";
		};
		02E4BA80200D1F22007B6D0C /* Products */ = {
			isa = PBXGroup;
			children = (
				02E4BA7F200D1F22007B6D0C /* wakester.app */,
				02E4BA93200D1F22007B6D0C /* wakesterTests.xctest */,
				02E4BA9E200D1F22007B6D0C /* wakesterUITests.xctest */,
			);
			name = Products;
			sourceTree = "<group>";
		};
		02E4BA81200D1F22007B6D0C /* wakester */ = {
			isa = PBXGroup;
			children = (
				02E4BA82200D1F22007B6D0C /* AppDelegate.swift */,
				02E4BA84200D1F22007B6D0C /* ViewController.swift */,
				02E4BA86200D1F22007B6D0C /* Main.storyboard */,
				02E4BA89200D1F22007B6D0C /* Assets.xcassets */,
				02E4BA8B200D1F22007B6D0C /* LaunchScreen.storyboard */,
				02E4BA8E200D1F22007B6D0C /* Info.plist */,
			);
			path = wakester;
			sourceTree = "<group>";
		};
		02E4BA96200D1F22007B6D0C /* wakesterTests */ = {
			isa = PBXGroup;
			children = (
				02E4BA97200D1F22007B6D0C /* wakesterTests.swift */,
				02E4BA99200D1F22007B6D0C /* Info.plist */,
			);
			path = wakesterTests;
			sourceTree = "<group>";
		};
		02E4BAA1200D1F22007B6D0C /* wakesterUITests */ = {
			isa = PBXGroup;
			children = (
				02E4BAA2200D1F22007B6D0C /* wakesterUITests.swift */,
				02E4BAA4200D1F22007B6D0C /* Info.plist */,
			);
			path = wakesterUITests;
			sourceTree = "<group>";
		};
/* End PBXGroup section */

/* Begin PBXNativeTarget section */
		02E4BA7E200D1F22007B6D0C /* wakester */ = {
			isa = PBXNativeTarget;
			buildConfigurationList = 02E4BAA7200D1F22007B6D0C /* Build configuration list for PBXNativeTarget "wakester" */;
			buildPhases = (
				02E4BA7B200D1F22007B6D0C /* Sources */,
				02E4BA7C200D1F22007B6D0C /* Frameworks */,
				02E4BA7D200D1F22007B6D0C /* Resources */,
			);
			buildRules = (
			);
			dependencies = (
			);
			name = wakester;
			productName = wakester;
			productReference = 02E4BA7F200D1F22007B6D0C /* wakester.app */;
			productType = "com.apple.product-type.application";
		};
		02E4BA92200D1F22007B6D0C /* wakesterTests */ = {
			isa = PBXNativeTarget;
			buildConfigurationList = 02E4BAAA200D1F22007B6D0C /* Build configuration list for PBXNativeTarget "wakesterTests" */;
			buildPhases = (
				02E4BA8F200D1F22007B6D0C /* Sources */,
				02E4BA90200D1F22007B6D0C /* Frameworks */,
				02E4BA91200D1F22007B6D0C /* Resources */,
			);
			buildRules = (
			);
			dependencies = (
				02E4BA95200D1F22007B6D0C /* PBXTargetDependency */,
			);
			name = wakesterTests;
			productName = wakesterTests;
			productReference = 02E4BA93200D1F22007B6D0C /* wakesterTests.xctest */;
			productType = "com.apple.product-type.bundle.unit-test";
		};
		02E4BA9D200D1F22007B6D0C /* wakesterUITests */ = {
			isa = PBXNativeTarget;
			buildConfigurationList = 02E4BAAD200D1F22007B6D0C /* Build configuration list for PBXNativeTarget "wakesterUITests" */;
			buildPhases = (
				02E4BA9A200D1F22007B6D0C /* Sources */,
				02E4BA9B200D1F22007B6D0C /* Frameworks */,
				02E4BA9C200D1F22007B6D0C /* Resources */,
			);
			buildRules = (
			);
			dependencies = (
				02E4BAA0200D1F22007B6D0C /* PBXTargetDependency */,
			);
			name = wakesterUITests;
			productName = wakesterUITests;
			productReference = 02E4BA9E200D1F22007B6D0C /* wakesterUITests.xctest */;
			productType = "com.apple.product-type.bundle.ui-testing";
		};
/* End PBXNativeTarget section */

/* Begin PBXProject section */
		02E4BA77200D1F22007B6D0C /* Project object */ = {
			isa = PBXProject;
			attributes = {
				LastSwiftUpdateCheck = 0920;
				LastUpgradeCheck = 0920;
				ORGANIZATIONNAME = "Brendan Stanton";
				TargetAttributes = {
					02E4BA7E200D1F22007B6D0C = {
						CreatedOnToolsVersion = 9.2;
						ProvisioningStyle = Automatic;
					};
					02E4BA92200D1F22007B6D0C = {
						CreatedOnToolsVersion = 9.2;
						ProvisioningStyle = Automatic;
						TestTargetID = 02E4BA7E200D1F22007B6D0C;
					};
					02E4BA9D200D1F22007B6D0C = {
						CreatedOnToolsVersion = 9.2;
						ProvisioningStyle = Automatic;
						TestTargetID = 02E4BA7E200D1F22007B6D0C;
					};
				};
			};
			buildConfigurationList = 02E4BA7A200D1F22007B6D0C /* Build configuration list for PBXProject "wakester" */;
			compatibilityVersion = "Xcode 8.0";
			developmentRegion = en;
			hasScannedForEncodings = 0;
			knownRegions = (
				en,
				Base,
			);
			mainGroup = 02E4BA76200D1F22007B6D0C;
			productRefGroup = 02E4BA80200D1F22007B6D0C /* Products */;
			projectDirPath = "";
			projectRoot = "";
			targets = (
				02E4BA7E200D1F22007B6D0C /* wakester */,
				02E4BA92200D1F22007B6D0C /* wakesterTests */,
				02E4BA9D200D1F22007B6D0C /* wakesterUITests */,
			);
		};
/* End PBXProject section */

/* Begin PBXResourcesBuildPhase section */
		02E4BA7D200D1F22007B6D0C /* Resources */ = {
			isa = PBXResourcesBuildPhase;
			buildActionMask = 2147483647;
			files = (
				02E4BA8D200D1F22007B6D0C /* LaunchScreen.storyboard in Resources */,
				02E4BA8A200D1F22007B6D0C /* Assets.xcassets in Resources */,
				02E4BA88200D1F22007B6D0C /* Main.storyboard in Resources */,
			);
			runOnlyForDeploymentPostprocessing = 0;
		};
		02E4BA91200D1F22007B6D0C /* Resources */ = {
			isa = PBXResourcesBuildPhase;
			buildActionMask = 2147483647;
			files = (
			);
			runOnlyForDeploymentPostprocessing = 0;
		};
		02E4BA9C200D1F22007B6D0C /* Resources */ = {
			isa = PBXResourcesBuildPhase;
			buildActionMask = 2147483647;
			files = (
			);
			runOnlyForDeploymentPostprocessing = 0;
		};
/* End PBXResourcesBuildPhase section */

/* Begin PBXSourcesBuildPhase section */
		02E4BA7B200D1F22007B6D0C /* Sources */ = {
			isa = PBXSourcesBuildPhase;
			buildActionMask = 2147483647;
			files = (
				02E4BA85200D1F22007B6D0C /* ViewController.swift in Sources */,
				02E4BA83200D1F22007B6D0C /* AppDelegate.swift in Sources */,
			);
			runOnlyForDeploymentPostprocessing = 0;
		};
		02E4BA8F200D1F22007B6D0C /* Sources */ = {
			isa = PBXSourcesBuildPhase;
			buildActionMask = 2147483647;
			files = (
				02E4BA98200D1F22007B6D0C /* wakesterTests.swift in Sources */,
			);
			runOnlyForDeploymentPostprocessing = 0;
		};
		02E4BA9A200D1F22007B6D0C /* Sources */ = {
			isa = PBXSourcesBuildPhase;
			buildActionMask = 2147483647;
			files = (
				02E4BAA3200D1F22007B6D0C /* wakesterUITests.swift in Sources */,
			);
			runOnlyForDeploymentPostprocessing = 0;
		};
/* End PBXSourcesBuildPhase section */

/* Begin PBXTargetDependency section */
		02E4BA95200D1F22007B6D0C /* PBXTargetDependency */ = {
			isa = PBXTargetDependency;
			target = 02E4BA7E200D1F22007B6D0C /* wakester */;
			targetProxy = 02E4BA94200D1F22007B6D0C /* PBXContainerItemProxy */;
		};
		02E4BAA0200D1F22007B6D0C /* PBXTargetDependency */ = {
			isa = PBXTargetDependency;
			target = 02E4BA7E200D1F22007B6D0C /* wakester */;
			targetProxy = 02E4BA9F200D1F22007B6D0C /* PBXContainerItemProxy */;
		};
/* End PBXTargetDependency section */

/* Begin PBXVariantGroup section */
		02E4BA86200D1F22007B6D0C /* Main.storyboard */ = {
			isa = PBXVariantGroup;
			children = (
				02E4BA87200D1F22007B6D0C /* Base */,
			);
			name = Main.storyboard;
			sourceTree = "<group>";
		};
		02E4BA8B200D1F22007B6D0C /* LaunchScreen.storyboard */ = {
			isa = PBXVariantGroup;
			children = (
				02E4BA8C200D1F22007B6D0C /* Base */,
			);
			name = LaunchScreen.storyboard;
			sourceTree = "<group>";
		};
/* End PBXVariantGroup section */

/* Begin XCBuildConfiguration section */
		02E4BAA5200D1F22007B6D0C /* Debug */ = {
			isa = XCBuildConfiguration;
			buildSettings = {
				ALWAYS_SEARCH_USER_PATHS = NO;
				CLANG_ANALYZER_NONNULL = YES;
				CLANG_ANALYZER_NUMBER_OBJECT_CONVERSION = YES_AGGRESSIVE;
				CLANG_CXX_LANGUAGE_STANDARD = "gnu++14";
				CLANG_CXX_LIBRARY = "libc++";
				CLANG_ENABLE_MODULES = YES;
				CLANG_ENABLE_OBJC_ARC = YES;
				CLANG_WARN_BLOCK_CAPTURE_AUTORELEASING = YES;
				CLANG_WARN_BOOL_CONVERSION = YES;
				CLANG_WARN_COMMA = YES;
				CLANG_WARN_CONSTANT_CONVERSION = YES;
				CLANG_WARN_DIRECT_OBJC_ISA_USAGE = YES_ERROR;
				CLANG_WARN_DOCUMENTATION_COMMENTS = YES;
				CLANG_WARN_EMPTY_BODY = YES;
				CLANG_WARN_ENUM_CONVERSION = YES;
				CLANG_WARN_INFINITE_RECURSION = YES;
				CLANG_WARN_INT_CONVERSION = YES;
				CLANG_WARN_NON_LITERAL_NULL_CONVERSION = YES;
				CLANG_WARN_OBJC_LITERAL_CONVERSION = YES;
				CLANG_WARN_OBJC_ROOT_CLASS = YES_ERROR;
				CLANG_WARN_RANGE_LOOP_ANALYSIS = YES;
				CLANG_WARN_STRICT_PROTOTYPES = YES;
				CLANG_WARN_SUSPICIOUS_MOVE = YES;
				CLANG_WARN_UNGUARDED_AVAILABILITY = YES_AGGRESSIVE;
				CLANG_WARN_UNREACHABLE_CODE = YES;
				CLANG_WARN__DUPLICATE_METHOD_MATCH = YES;
				CODE_SIGN_IDENTITY = "iPhone Developer";
				COPY_PHASE_STRIP = NO;
				DEBUG_INFORMATION_FORMAT = dwarf;
				ENABLE_STRICT_OBJC_MSGSEND = YES;
				ENABLE_TESTABILITY = YES;
				GCC_C_LANGUAGE_STANDARD = gnu11;
				GCC_DYNAMIC_NO_PIC = NO;
				GCC_NO_COMMON_BLOCKS = YES;
				GCC_OPTIMIZATION_LEVEL = 0;
				GCC_PREPROCESSOR_DEFINITIONS = (
					"DEBUG=1",
					"$(inherited)",
				);
				GCC_WARN_64_TO_32_BIT_CONVERSION = YES;
				GCC_WARN_ABOUT_RETURN_TYPE = YES_ERROR;
				GCC_WARN_UNDECLARED_SELECTOR = YES;
				GCC_WARN_UNINITIALIZED_AUTOS = YES_AGGRESSIVE;
				GCC_WARN_UNUSED_FUNCTION = YES;
				GCC_WARN_UNUSED_VARIABLE = YES;
				IPHONEOS_DEPLOYMENT_TARGET = 11.2;
				MTL_ENABLE_DEBUG_INFO = YES;
				ONLY_ACTIVE_ARCH = YES;
				SDKROOT = iphoneos;
				SWIFT_ACTIVE_COMPILATION_CONDITIONS = DEBUG;
				SWIFT_OPTIMIZATION_LEVEL = "-Onone";
			};
			name = Debug;
		};
		02E4BAA6200D1F22007B6D0C /* Release */ = {
			isa = XCBuildConfiguration;
			buildSettings = {
				ALWAYS_SEARCH_USER_PATHS = NO;
				CLANG_ANALYZER_NONNULL = YES;
				CLANG_ANALYZER_NUMBER_OBJECT_CONVERSION = YES_AGGRESSIVE;
				CLANG_CXX_LANGUAGE_STANDARD = "gnu++14";
				CLANG_CXX_LIBRARY = "libc++";
				CLANG_ENABLE_MODULES = YES;
				CLANG_ENABLE_OBJC_ARC = YES;
				CLANG_WARN_BLOCK_CAPTURE_AUTORELEASING = YES;
				CLANG_WARN_BOOL_CONVERSION = YES;
				CLANG_WARN_COMMA = YES;
				CLANG_WARN_CONSTANT_CONVERSION = YES;
				CLANG_WARN_DIRECT_OBJC_ISA_USAGE = YES_ERROR;
				CLANG_WARN_DOCUMENTATION_COMMENTS = YES;
				CLANG_WARN_EMPTY_BODY = YES;
				CLANG_WARN_ENUM_CONVERSION = YES;
				CLANG_WARN_INFINITE_RECURSION = YES;
				CLANG_WARN_INT_CONVERSION = YES;
				CLANG_WARN_NON_LITERAL_NULL_CONVERSION = YES;
				CLANG_WARN_OBJC_LITERAL_CONVERSION = YES;
				CLANG_WARN_OBJC_ROOT_CLASS = YES_ERROR;
				CLANG_WARN_RANGE_LOOP_ANALYSIS = YES;
				CLANG_WARN_STRICT_PROTOTYPES = YES;
				CLANG_WARN_SUSPICIOUS_MOVE = YES;
				CLANG_WARN_UNGUARDED_AVAILABILITY = YES_AGGRESSIVE;
				CLANG_WARN_UNREACHABLE_CODE = YES;
				CLANG_WARN__DUPLICATE_METHOD_MATCH = YES;
				CODE_SIGN_IDENTITY = "iPhone Developer";
				COPY_PHASE_STRIP = NO;
				DEBUG_INFORMATION_FORMAT = "dwarf-with-dsym";
				ENABLE_NS_ASSERTIONS = NO;
				ENABLE_STRICT_OBJC_MSGSEND = YES;
				GCC_C_LANGUAGE_STANDARD = gnu11;
				GCC_NO_COMMON_BLOCKS = YES;
				GCC_WARN_64_TO_32_BIT_CONVERSION = YES;
				GCC_WARN_ABOUT_RETURN_TYPE = YES_ERROR;
				GCC_WARN_UNDECLARED_SELECTOR = YES;
				GCC_WARN_UNINITIALIZED_AUTOS = YES_AGGRESSIVE;
				GCC_WARN_UNUSED_FUNCTION = YES;
				GCC_WARN_UNUSED_VARIABLE = YES;
				IPHONEOS_DEPLOYMENT_TARGET = 11.2;
				MTL_ENABLE_DEBUG_INFO = NO;
				SDKROOT = iphoneos;
				SWIFT_OPTIMIZATION_LEVEL = "-Owholemodule";
				VALIDATE_PRODUCT = YES;
			};
			name = Release;
		};
		02E4BAA8200D1F22007B6D0C /* Debug */ = {
			isa = XCBuildConfiguration;
			buildSettings = {
				ASSETCATALOG_COMPILER_APPICON_NAME = AppIcon;
				CODE_SIGN_STYLE = Automatic;
				DEVELOPMENT_TEAM = BN7WSW2M3E;
				INFOPLIST_FILE = wakester/Info.plist;
				LD_RUNPATH_SEARCH_PATHS = "$(inherited) @executable_path/Frameworks";
				PRODUCT_BUNDLE_IDENTIFIER = com.bearsvsdinosaurs.wakester;
				PRODUCT_NAME = "$(TARGET_NAME)";
				SWIFT_VERSION = 4.0;
				TARGETED_DEVICE_FAMILY = "1,2";
			};
			name = Debug;
		};
		02E4BAA9200D1F22007B6D0C /* Release */ = {
			isa = XCBuildConfiguration;
			buildSettings = {
				ASSETCATALOG_COMPILER_APPICON_NAME = AppIcon;
				CODE_SIGN_STYLE = Automatic;
				DEVELOPMENT_TEAM = BN7WSW2M3E;
				INFOPLIST_FILE = wakester/Info.plist;
				LD_RUNPATH_SEARCH_PATHS = "$(inherited) @executable_path/Frameworks";
				PRODUCT_BUNDLE_IDENTIFIER = com.bearsvsdinosaurs.wakester;
				PRODUCT_NAME = "$(TARGET_NAME)";
				SWIFT_VERSION = 4.0;
				TARGETED_DEVICE_FAMILY = "1,2";
			};
			name = Release;
		};
		02E4BAAB200D1F22007B6D0C /* Debug */ = {
			isa = XCBuildConfiguration;
			buildSettings = {
				ALWAYS_EMBED_SWIFT_STANDARD_LIBRARIES = YES;
				BUNDLE_LOADER = "$(TEST_HOST)";
				CODE_SIGN_STYLE = Automatic;
				DEVELOPMENT_TEAM = BN7WSW2M3E;
				INFOPLIST_FILE = wakesterTests/Info.plist;
				LD_RUNPATH_SEARCH_PATHS = "$(inherited) @executable_path/Frameworks @loader_path/Frameworks";
				PRODUCT_BUNDLE_IDENTIFIER = com.bearsvsdinosaurs.wakesterTests;
				PRODUCT_NAME = "$(TARGET_NAME)";
				SWIFT_VERSION = 4.0;
				TARGETED_DEVICE_FAMILY = "1,2";
				TEST_HOST = "$(BUILT_PRODUCTS_DIR)/wakester.app/wakester";
			};
			name = Debug;
		};
		02E4BAAC200D1F22007B6D0C /* Release */ = {
			isa = XCBuildConfiguration;
			buildSettings = {
				ALWAYS_EMBED_SWIFT_STANDARD_LIBRARIES = YES;
				BUNDLE_LOADER = "$(TEST_HOST)";
				CODE_SIGN_STYLE = Automatic;
				DEVELOPMENT_TEAM = BN7WSW2M3E;
				INFOPLIST_FILE = wakesterTests/Info.plist;
				LD_RUNPATH_SEARCH_PATHS = "$(inherited) @executable_path/Frameworks @loader_path/Frameworks";
				PRODUCT_BUNDLE_IDENTIFIER = com.bearsvsdinosaurs.wakesterTests;
				PRODUCT_NAME = "$(TARGET_NAME)";
				SWIFT_VERSION = 4.0;
				TARGETED_DEVICE_FAMILY = "1,2";
				TEST_HOST = "$(BUILT_PRODUCTS_DIR)/wakester.app/wakester";
			};
			name = Release;
		};
		02E4BAAE200D1F22007B6D0C /* Debug */ = {
			isa = XCBuildConfiguration;
			buildSettings = {
				ALWAYS_EMBED_SWIFT_STANDARD_LIBRARIES = YES;
				CODE_SIGN_STYLE = Automatic;
				DEVELOPMENT_TEAM = BN7WSW2M3E;
				INFOPLIST_FILE = wakesterUITests/Info.plist;
				LD_RUNPATH_SEARCH_PATHS = "$(inherited) @executable_path/Frameworks @loader_path/Frameworks";
				PRODUCT_BUNDLE_IDENTIFIER = com.bearsvsdinosaurs.wakesterUITests;
				PRODUCT_NAME = "$(TARGET_NAME)";
				SWIFT_VERSION = 4.0;
				TARGETED_DEVICE_FAMILY = "1,2";
				TEST_TARGET_NAME = wakester;
			};
			name = Debug;
		};
		02E4BAAF200D1F22007B6D0C /* Release */ = {
			isa = XCBuildConfiguration;
			buildSettings = {
				ALWAYS_EMBED_SWIFT_STANDARD_LIBRARIES = YES;
				CODE_SIGN_STYLE = Automatic;
				DEVELOPMENT_TEAM = BN7WSW2M3E;
				INFOPLIST_FILE = wakesterUITests/Info.plist;
				LD_RUNPATH_SEARCH_PATHS = "$(inherited) @executable_path/Frameworks @loader_path/Frameworks";
				PRODUCT_BUNDLE_IDENTIFIER = com.bearsvsdinosaurs.wakesterUITests;
				PRODUCT_NAME = "$(TARGET_NAME)";
				SWIFT_VERSION = 4.0;
				TARGETED_DEVICE_FAMILY = "1,2";
				TEST_TARGET_NAME = wakester;
			};
			name = Release;
		};
/* End XCBuildConfiguration section */

/* Begin XCConfigurationList section */
		02E4BA7A200D1F22007B6D0C /* Build configuration list for PBXProject "wakester" */ = {
			isa = XCConfigurationList;
			buildConfigurations = (
				02E4BAA5200D1F22007B6D0C /* Debug */,
				02E4BAA6200D1F22007B6D0C /* Release */,
			);
			defaultConfigurationIsVisible = 0;
			defaultConfigurationName = Release;
		};
		02E4BAA7200D1F22007B6D0C /* Build configuration list for PBXNativeTarget "wakester" */ = {
			isa = XCConfigurationList;
			buildConfigurations = (
				02E4BAA8200D1F22007B6D0C /* Debug */,
				02E4BAA9200D1F22007B6D0C /* Release */,
			);
			defaultConfigurationIsVisible = 0;
			defaultConfigurationName = Release;
		};
		02E4BAAA200D1F22007B6D0C /* Build configuration list for PBXNativeTarget "wakesterTests" */ = {
			isa = XCConfigurationList;
			buildConfigurations = (
				02E4BAAB200D1F22007B6D0C /* Debug */,
				02E4BAAC200D1F22007B6D0C /* Release */,
			);
			defaultConfigurationIsVisible = 0;
			defaultConfigurationName = Release;
		};
		02E4BAAD200D1F22007B6D0C /* Build configuration list for PBXNativeTarget "wakesterUITests" */ = {
			isa = XCConfigurationList;
			buildConfigurations = (
				02E4BAAE200D1F22007B6D0C /* Debug */,
				02E4BAAF200D1F22007B6D0C /* Release */,
			);
			defaultConfigurationIsVisible = 0;
			defaultConfigurationName = Release;
		};
/* End XCConfigurationList section */
	};
	rootObject = 02E4BA77200D1F22007B6D0C /* Project object */;
}
